
Microsoft Visual Studio Solution File, Format Version 12.00
# Visual Studio Version 17
VisualStudioVersion = 17.1.32328.378
MinimumVisualStudioVersion = 10.0.40219.1
Project("{9A19103F-16F7-4668-BE54-9A1E7A4F7556}") = "FFTTest", "FFTTest\FFTTest.csproj", "{DB227CCB-F3CD-42C0-8D92-8156D7D49039}"
EndProject
Project("{9A19103F-16F7-4668-BE54-9A1E7A4F7556}") = "FastFourierTransformTmp", "FastFourierTransform\FastFourierTransformTmp.csproj", "{75E07913-E73F-46CA-948E-04FBFBF3A40E}"
EndProject
Project("{FAE04EC0-301F-11D3-BF4B-00C04F79EFBC}") = "FFT", "FFT\FFT.csproj", "{30DFEBBF-0F65-4AEA-BA0A-018DC07047FB}"
EndProject
Global
	GlobalSection(SolutionConfigurationPlatforms) = preSolution
		Debug|Any CPU = Debug|Any CPU
		Release|Any CPU = Release|Any CPU
	EndGlobalSection
	GlobalSection(ProjectConfigurationPlatforms) = postSolution
		{DB227CCB-F3CD-42C0-8D92-8156D7D49039}.Debug|Any CPU.ActiveCfg = Debug|Any CPU
		{DB227CCB-F3CD-42C0-8D92-8156D7D49039}.Debug|Any CPU.Build.0 = Debug|Any CPU
		{DB227CCB-F3CD-42C0-8D92-8156D7D49039}.Release|Any CPU.ActiveCfg = Release|Any CPU
		{DB227CCB-F3CD-42C0-8D92-8156D7D49039}.Release|Any CPU.Build.0 = Release|Any CPU
		{75E07913-E73F-46CA-948E-04FBFBF3A40E}.Debug|Any CPU.ActiveCfg = Debug|Any CPU
		{75E07913-E73F-46CA-948E-04FBFBF3A40E}.Debug|Any CPU.Build.0 = Debug|Any CPU
		{75E07913-E73F-46CA-948E-04FBFBF3A40E}.Release|Any CPU.ActiveCfg = Release|Any CPU
		{75E07913-E73F-46CA-948E-04FBFBF3A40E}.Release|Any CPU.Build.0 = Release|Any CPU
		{30DFEBBF-0F65-4AEA-BA0A-018DC07047FB}.Debug|Any CPU.ActiveCfg = Debug|Any CPU
		{30DFEBBF-0F65-4AEA-BA0A-018DC07047FB}.Debug|Any CPU.Build.0 = Debug|Any CPU
		{30DFEBBF-0F65-4AEA-BA0A-018DC07047FB}.Release|Any CPU.ActiveCfg = Release|Any CPU
		{30DFEBBF-0F65-4AEA-BA0A-018DC07047FB}.Release|Any CPU.Build.0 = Release|Any CPU
	EndGlobalSection
	GlobalSection(SolutionProperties) = preSolution
		HideSolutionNode = FALSE
	EndGlobalSection
	GlobalSection(ExtensibilityGlobals) = postSolution
		SolutionGuid = {89F6BDCD-2673-40B9-9FDD-B7F71DB86123}
	EndGlobalSection
EndGlobal
